# This file is autogenerated, do not edit; changes may be undone by the next 'dep ensure'.


[[projects]]
  digest = "1:b62a3c5b37db602bf1158e921da1a762315a4c37855fd418a14498aa87a342d5"
  name = "cloud.google.com/go"
  packages = ["civil"]
  pruneopts = "UT"
  revision = "fcb9a2d5f791d07be64506ab54434de65989d370"
  version = "v0.37.4"

[[projects]]
  branch = "master"
  digest = "1:99be1a6af07c46feac77b53547575d80c7c5bd4b74768614b595031d2f612593"
  name = "github.com/denisenkom/go-mssqldb"
  packages = [
    ".",
    "internal/cp",
  ]
  pruneopts = "UT"
  revision = "35416408c9461343e4d1b9fbe505fb2aa265a438"

[[projects]]
  digest = "1:76dc72490af7174349349838f2fe118996381b31ea83243812a97e5a0fd5ed55"
  name = "github.com/dgrijalva/jwt-go"
  packages = ["."]
  pruneopts = "UT"
  revision = "06ea1031745cb8b3dab3f6a236daf2b0aa468b7e"
  version = "v3.2.0"

[[projects]]
  branch = "master"
  digest = "1:a4b5a6b32f33323c7850fae4ec085a0fbac3be93c057b6b8cef5bcabe24645ac"
  name = "github.com/gin-contrib/sse"
  packages = ["."]
  pruneopts = "UT"
  revision = "5545eab6dad3bbbd6c5ae9186383c2a9d23c0dae"

[[projects]]
  digest = "1:d5083934eb25e45d17f72ffa86cae3814f4a9d6c073c4f16b64147169b245606"
  name = "github.com/gin-gonic/gin"
  packages = [
    ".",
    "binding",
    "json",
    "render",
  ]
  pruneopts = "UT"
  revision = "b869fe1415e4b9eb52f247441830d502aece2d4d"
  version = "v1.3.0"

[[projects]]
  digest = "1:e1ff887e232b2d8f4f7c7db15a5fac7be418025afc4dda53c59c765dbb5aa6b4"
  name = "github.com/go-playground/locales"
  packages = [
    ".",
    "currency",
  ]
  pruneopts = "UT"
  revision = "f63010822830b6fe52288ee52d5a1151088ce039"
  version = "v0.12.1"

[[projects]]
  digest = "1:e022cf244bcac1b6ef933f1a2e0adcf6a6dfd7b872d8d41e4d4179bb09a87cbc"
  name = "github.com/go-playground/universal-translator"
  packages = ["."]
  pruneopts = "UT"
  revision = "b32fa301c9fe55953584134cb6853a13c87ec0a1"
  version = "v0.16.0"

[[projects]]
  digest = "1:ec6f9bf5e274c833c911923c9193867f3f18788c461f76f05f62bb1510e0ae65"
  name = "github.com/go-sql-driver/mysql"
  packages = ["."]
  pruneopts = "UT"
  revision = "72cd26f257d44c1114970e19afddcd812016007e"
  version = "v1.4.1"

[[projects]]
  digest = "1:d29ee5ef14a7e0253facd0bcebe6a69a7a4e02a67eb24d2aacd8ccb4a7cea6fc"
  name = "github.com/gobuffalo/envy"
  packages = ["."]
  pruneopts = "UT"
  revision = "043cb4b8af871b49563291e32c66bb84378a60ac"
  version = "v1.7.0"

[[projects]]
  digest = "1:318f1c959a8a740366fce4b1e1eb2fd914036b4af58fbd0a003349b305f118ad"
  name = "github.com/golang/protobuf"
  packages = ["proto"]
  pruneopts = "UT"
  revision = "b5d812f8a3706043e23a9cd5babf2e5423744d30"
  version = "v1.3.1"

[[projects]]
  digest = "1:0e64c9ab38bcc99b8e43001beb62e9a5ea3fa64727a7f6b1d16b6984ba1845e8"
  name = "github.com/jinzhu/gorm"
  packages = [
    ".",
    "dialects/mssql",
    "dialects/mysql",
    "dialects/postgres",
    "dialects/sqlite",
  ]
  pruneopts = "UT"
  revision = "e3987fd4b803c16497aa4dfd2e75db7a6a061a4e"
  version = "v1.9.4"

[[projects]]
  branch = "master"
  digest = "1:fd97437fbb6b7dce04132cf06775bd258cce305c44add58eb55ca86c6c325160"
  name = "github.com/jinzhu/inflection"
  packages = ["."]
  pruneopts = "UT"
  revision = "04140366298a54a039076d798123ffa108fff46c"

[[projects]]
  digest = "1:ecd9aa82687cf31d1585d4ac61d0ba180e42e8a6182b85bd785fcca8dfeefc1b"
  name = "github.com/joho/godotenv"
  packages = ["."]
  pruneopts = "UT"
  revision = "23d116af351c84513e1946b527c88823e476be13"
  version = "v1.3.0"

[[projects]]
  digest = "1:f5a2051c55d05548d2d4fd23d244027b59fbd943217df8aa3b5e170ac2fd6e1b"
  name = "github.com/json-iterator/go"
  packages = ["."]
  pruneopts = "UT"
  revision = "0ff49de124c6f76f8494e194af75bde0f1a49a29"
  version = "v1.1.6"

[[projects]]
  digest = "1:6782ffc812e8e700e6952ede1e60487ff1fd9da489eff762985be662a7cfc431"
  name = "github.com/leodido/go-urn"
  packages = ["."]
  pruneopts = "UT"
  revision = "70078a794e8ea4b497ba7c19a78cd60f90ccf0f4"
  version = "v1.1.0"

[[projects]]
  digest = "1:226be3582c304c347481157049c862924fdd6277256e854781c5ba4728901215"
  name = "github.com/lib/pq"
  packages = [
    ".",
    "hstore",
    "oid",
    "scram",
  ]
  pruneopts = "UT"
  revision = "51e2106eed1cea199c802d2a49e91e2491b02056"
  version = "v1.1.0"

[[projects]]
  digest = "1:cbd169f49979ba0bc483cd418da756a21bba0081526d8af0fb0e9218deac2a08"
  name = "github.com/mailgun/mailgun-go"
  packages = ["."]
  pruneopts = "UT"
  revision = "4071f66f00fb74b08ae720f28ee9fcd98ebfd69e"
  version = "v2.0.0"

[[projects]]
  digest = "1:e150b5fafbd7607e2d638e4e5cf43aa4100124e5593385147b0a74e2733d8b0d"
  name = "github.com/mattn/go-isatty"
  packages = ["."]
  pruneopts = "UT"
  revision = "c2a7a6ca930a4cd0bc33a3f298eb71960732a3a7"
  version = "v0.0.7"

[[projects]]
  digest = "1:4a49346ca45376a2bba679ca0e83bec949d780d4e927931317904bad482943ec"
  name = "github.com/mattn/go-sqlite3"
  packages = ["."]
  pruneopts = "UT"
  revision = "c7c4067b79cc51e6dfdcef5c702e74b1e0fa7c75"
  version = "v1.10.0"

[[projects]]
  digest = "1:33422d238f147d247752996a26574ac48dcf472976eda7f5134015f06bf16563"
  name = "github.com/modern-go/concurrent"
  packages = ["."]
  pruneopts = "UT"
  revision = "bacd9c7ef1dd9b15be4a9909b8ac7a4e313eec94"
  version = "1.0.3"

[[projects]]
  digest = "1:e32bdbdb7c377a07a9a46378290059822efdce5c8d96fe71940d87cb4f918855"
  name = "github.com/modern-go/reflect2"
  packages = ["."]
  pruneopts = "UT"
  revision = "4b7aa43c6742a2c18fdef89dd197aaae7dac7ccd"
  version = "1.0.1"

[[projects]]
  branch = "master"
  digest = "1:deff41c4160cc5b487a1d1a69a58925f2d3ac11befa0692b50e76940594e20f5"
  name = "github.com/pkg/errors"
  packages = ["."]
  pruneopts = "UT"
  revision = "27936f6d90f9c8e1145f11ed52ffffbfdb9e0af7"

[[projects]]
  branch = "master"
  digest = "1:40c87bfa077f4206a72750192db53b0508ba6002650d31e3cc72b50cbef8145c"
  name = "github.com/pufferpanel/apufferi"
  packages = [
    "cli",
    "common",
    "http",
    "logging",
  ]
  pruneopts = "UT"
  revision = "d083bef65c742bd637f884beac10cd9c72662c62"

[[projects]]
  digest = "1:e09ada96a5a41deda4748b1659cc8953961799e798aea557257b56baee4ecaf3"
  name = "github.com/rogpeppe/go-internal"
  packages = [
    "modfile",
    "module",
    "semver",
  ]
  pruneopts = "UT"
  revision = "438578804ca6f31be148c27683afc419ce47c06e"
  version = "v1.3.0"

[[projects]]
  digest = "1:274f67cb6fed9588ea2521ecdac05a6d62a8c51c074c1fccc6a49a40ba80e925"
  name = "github.com/satori/go.uuid"
  packages = ["."]
  pruneopts = "UT"
  revision = "f58768cc1a7a7e77a3bd49e98cdd21419399b6a3"
  version = "v1.2.0"

[[projects]]
  digest = "1:d0072748c62defde1ad99dde77f6ffce492a0e5aea9204077e497c7edfb86653"
  name = "github.com/ugorji/go"
  packages = ["codec"]
  pruneopts = "UT"
  revision = "2adff0894ba3bc2eeb9f9aea45fefd49802e1a13"
  version = "v1.1.4"

[[projects]]
  branch = "master"
  digest = "1:6f8de48333678351faa2f432cde1d7cc508b3a76b2b9be21b0e698c638ddba18"
  name = "golang.org/x/crypto"
  packages = [
    "bcrypt",
    "blowfish",
    "md4",
  ]
  pruneopts = "UT"
  revision = "d864b10871cd4370fe574816b489c819c675ccc7"

[[projects]]
  branch = "master"
  digest = "1:55565b142e38b7d00c39ce9a86fc70bbfa37c4f2f00d8ff2343f433c351db8e3"
  name = "golang.org/x/sys"
  packages = ["unix"]
  pruneopts = "UT"
  revision = "953cdadca894cdc07be76fc99f95b40c28f06623"

[[projects]]
  digest = "1:c25289f43ac4a68d88b02245742347c94f1e108c534dda442188015ff80669b3"
  name = "google.golang.org/appengine"
  packages = ["cloudsql"]
  pruneopts = "UT"
  revision = "54a98f90d1c46b7731eb8fb305d2a321c30ef610"
  version = "v1.5.0"

[[projects]]
  digest = "1:cbc72c4c4886a918d6ab4b95e347ffe259846260f99ebdd8a198c2331cf2b2e9"
  name = "gopkg.in/go-playground/validator.v8"
  packages = ["."]
  pruneopts = "UT"
  revision = "5f1438d3fca68893a817e4a66806cea46a9e4ebf"
  version = "v8.18.2"

[[projects]]
  digest = "1:7bb1ad654b21fb8f44c77c07840007d6796f70d42d1b470600f943a508ff8a72"
  name = "gopkg.in/go-playground/validator.v9"
  packages = ["."]
  pruneopts = "UT"
  revision = "46b4b1e301c24cac870ffcb4ba5c8a703d1ef475"
  version = "v9.28.0"

[[projects]]
  digest = "1:b8155579a124b37bb1dcd560437f1e88381e4545d37288e38e17f75f4d557de3"
  name = "gopkg.in/oauth2.v3"
  packages = [
    ".",
    "errors",
    "generates",
    "manage",
    "models",
    "server",
    "utils/uuid",
  ]
  pruneopts = "UT"
  revision = "42a3322613e4bf2a7741eed0daf99c34d410e219"
  version = "v3.10.0"

[[projects]]
  digest = "1:4d2e5a73dc1500038e504a8d78b986630e3626dc027bc030ba5c75da257cdb96"
  name = "gopkg.in/yaml.v2"
  packages = ["."]
  pruneopts = "UT"
  revision = "51d6538a90f86fe93ac480b35f37b2be17fef232"
  version = "v2.2.2"

[solve-meta]
  analyzer-name = "dep"
  analyzer-version = 1
  input-imports = [
    "github.com/gin-gonic/gin",
    "github.com/jinzhu/gorm",
    "github.com/jinzhu/gorm/dialects/mssql",
    "github.com/jinzhu/gorm/dialects/mysql",
    "github.com/jinzhu/gorm/dialects/postgres",
    "github.com/jinzhu/gorm/dialects/sqlite",
    "github.com/mailgun/mailgun-go",
    "github.com/pufferpanel/apufferi/cli",
    "github.com/pufferpanel/apufferi/common",
    "github.com/pufferpanel/apufferi/http",
    "github.com/pufferpanel/apufferi/logging",
    "github.com/satori/go.uuid",
    "golang.org/x/crypto/bcrypt",
    "gopkg.in/go-playground/validator.v9",
    "gopkg.in/oauth2.v3",
    "gopkg.in/oauth2.v3/errors",
    "gopkg.in/oauth2.v3/manage",
    "gopkg.in/oauth2.v3/server",
  ]
  solver-name = "gps-cdcl"
  solver-version = 1
